# This file is automatically @generated by Cargo.
# It is not intended for manual editing.
version = 4

[[package]]
name = "xavi-application"
version = "0.1.0"
dependencies = [
 "xavi-domain",
]

[[package]]
name = "xavi-bootstrap"
version = "0.1.0"
dependencies = [
 "xavi-application",
 "xavi-infrastructure",
]

[[package]]
name = "xavi-domain"
version = "0.1.0"

[[package]]
name = "xavi-harness"
version = "0.1.0"
dependencies = [
 "xavi-application",
 "xavi-domain",
 "xavi-infrastructure",
]

[[package]]
name = "xavi-infrastructure"
version = "0.1.0"
dependencies = [
 "xavi-application",
 "xavi-domain",
]
